// !$*UTF8*$!
{
	archiveVersion = 1;
	classes = {
	};
	objectVersion = 46;
	objects = {

/* Begin PBXBuildFile section */
		4D579A2114DD3A84000F5910 /* UIKit.framework in Frameworks */ = {isa = PBXBuildFile; fileRef = 4D579A2014DD3A84000F5910 /* UIKit.framework */; };
		4D579A2314DD3A84000F5910 /* Foundation.framework in Frameworks */ = {isa = PBXBuildFile; fileRef = 4D579A2214DD3A84000F5910 /* Foundation.framework */; };
		4D579A2514DD3A84000F5910 /* CoreGraphics.framework in Frameworks */ = {isa = PBXBuildFile; fileRef = 4D579A2414DD3A84000F5910 /* CoreGraphics.framework */; };
		4D579A2B14DD3A84000F5910 /* InfoPlist.strings in Resources */ = {isa = PBXBuildFile; fileRef = 4D579A2914DD3A84000F5910 /* InfoPlist.strings */; };
		4D579A2D14DD3A84000F5910 /* main.m in Sources */ = {isa = PBXBuildFile; fileRef = 4D579A2C14DD3A84000F5910 /* main.m */; };
		4D579A3114DD3A84000F5910 /* AppDelegate.m in Sources */ = {isa = PBXBuildFile; fileRef = 4D579A3014DD3A84000F5910 /* AppDelegate.m */; };
		4D579A3414DD3A84000F5910 /* MainStoryboard.storyboard in Resources */ = {isa = PBXBuildFile; fileRef = 4D579A3214DD3A84000F5910 /* MainStoryboard.storyboard */; };
		4D579A3714DD3A84000F5910 /* ViewController.m in Sources */ = {isa = PBXBuildFile; fileRef = 4D579A3614DD3A84000F5910 /* ViewController.m */; };
		4D579A3F14DD3A84000F5910 /* SenTestingKit.framework in Frameworks */ = {isa = PBXBuildFile; fileRef = 4D579A3E14DD3A84000F5910 /* SenTestingKit.framework */; };
		4D579A4014DD3A84000F5910 /* UIKit.framework in Frameworks */ = {isa = PBXBuildFile; fileRef = 4D579A2014DD3A84000F5910 /* UIKit.framework */; };
		4D579A4114DD3A84000F5910 /* Foundation.framework in Frameworks */ = {isa = PBXBuildFile; fileRef = 4D579A2214DD3A84000F5910 /* Foundation.framework */; };
		4D579A4914DD3A84000F5910 /* InfoPlist.strings in Resources */ = {isa = PBXBuildFile; fileRef = 4D579A4714DD3A84000F5910 /* InfoPlist.strings */; };
		4D579A4C14DD3A84000F5910 /* iosClientTests.m in Sources */ = {isa = PBXBuildFile; fileRef = 4D579A4B14DD3A84000F5910 /* iosClientTests.m */; };
		4D579A5F14DD3D2C000F5910 /* masterTableViewController.m in Sources */ = {isa = PBXBuildFile; fileRef = 4D579A5E14DD3D2C000F5910 /* masterTableViewController.m */; };
		4D579A6214DD3DC3000F5910 /* detailViewController.m in Sources */ = {isa = PBXBuildFile; fileRef = 4D579A6114DD3DC3000F5910 /* detailViewController.m */; };
		4D579A6814DD3EBC000F5910 /* street.m in Sources */ = {isa = PBXBuildFile; fileRef = 4D579A6714DD3EBC000F5910 /* street.m */; };
/* End PBXBuildFile section */

/* Begin PBXContainerItemProxy section */
		4D579A4214DD3A84000F5910 /* PBXContainerItemProxy */ = {
			isa = PBXContainerItemProxy;
			containerPortal = 4D579A1314DD3A83000F5910 /* Project object */;
			proxyType = 1;
			remoteGlobalIDString = 4D579A1B14DD3A84000F5910;
			remoteInfo = iosClient;
		};
/* End PBXContainerItemProxy section */

/* Begin PBXFileReference section */
		4D579A1C14DD3A84000F5910 /* iosClient.app */ = {isa = PBXFileReference; explicitFileType = wrapper.application; includeInIndex = 0; path = iosClient.app; sourceTree = BUILT_PRODUCTS_DIR; };
		4D579A2014DD3A84000F5910 /* UIKit.framework */ = {isa = PBXFileReference; lastKnownFileType = wrapper.framework; name = UIKit.framework; path = System/Library/Frameworks/UIKit.framework; sourceTree = SDKROOT; };
		4D579A2214DD3A84000F5910 /* Foundation.framework */ = {isa = PBXFileReference; lastKnownFileType = wrapper.framework; name = Foundation.framework; path = System/Library/Frameworks/Foundation.framework; sourceTree = SDKROOT; };
		4D579A2414DD3A84000F5910 /* CoreGraphics.framework */ = {isa = PBXFileReference; lastKnownFileType = wrapper.framework; name = CoreGraphics.framework; path = System/Library/Frameworks/CoreGraphics.framework; sourceTree = SDKROOT; };
		4D579A2814DD3A84000F5910 /* iosClient-Info.plist */ = {isa = PBXFileReference; lastKnownFileType = text.plist.xml; path = "iosClient-Info.plist"; sourceTree = "<group>"; };
		4D579A2A14DD3A84000F5910 /* en */ = {isa = PBXFileReference; lastKnownFileType = text.plist.strings; name = en; path = en.lproj/InfoPlist.strings; sourceTree = "<group>"; };
		4D579A2C14DD3A84000F5910 /* main.m */ = {isa = PBXFileReference; lastKnownFileType = sourcecode.c.objc; path = main.m; sourceTree = "<group>"; };
		4D579A2E14DD3A84000F5910 /* iosClient-Prefix.pch */ = {isa = PBXFileReference; lastKnownFileType = sourcecode.c.h; path = "iosClient-Prefix.pch"; sourceTree = "<group>"; };
		4D579A2F14DD3A84000F5910 /* AppDelegate.h */ = {isa = PBXFileReference; lastKnownFileType = sourcecode.c.h; path = AppDelegate.h; sourceTree = "<group>"; };
		4D579A3014DD3A84000F5910 /* AppDelegate.m */ = {isa = PBXFileReference; lastKnownFileType = sourcecode.c.objc; path = AppDelegate.m; sourceTree = "<group>"; };
		4D579A3314DD3A84000F5910 /* en */ = {isa = PBXFileReference; lastKnownFileType = file.storyboard; name = en; path = en.lproj/MainStoryboard.storyboard; sourceTree = "<group>"; };
		4D579A3514DD3A84000F5910 /* ViewController.h */ = {isa = PBXFileReference; lastKnownFileType = sourcecode.c.h; path = ViewController.h; sourceTree = "<group>"; };
		4D579A3614DD3A84000F5910 /* ViewController.m */ = {isa = PBXFileReference; lastKnownFileType = sourcecode.c.objc; path = ViewController.m; sourceTree = "<group>"; };
		4D579A3D14DD3A84000F5910 /* iosClientTests.octest */ = {isa = PBXFileReference; explicitFileType = wrapper.cfbundle; includeInIndex = 0; path = iosClientTests.octest; sourceTree = BUILT_PRODUCTS_DIR; };
		4D579A3E14DD3A84000F5910 /* SenTestingKit.framework */ = {isa = PBXFileReference; lastKnownFileType = wrapper.framework; name = SenTestingKit.framework; path = Library/Frameworks/SenTestingKit.framework; sourceTree = DEVELOPER_DIR; };
		4D579A4614DD3A84000F5910 /* iosClientTests-Info.plist */ = {isa = PBXFileReference; lastKnownFileType = text.plist.xml; path = "iosClientTests-Info.plist"; sourceTree = "<group>"; };
		4D579A4814DD3A84000F5910 /* en */ = {isa = PBXFileReference; lastKnownFileType = text.plist.strings; name = en; path = en.lproj/InfoPlist.strings; sourceTree = "<group>"; };
		4D579A4A14DD3A84000F5910 /* iosClientTests.h */ = {isa = PBXFileReference; lastKnownFileType = sourcecode.c.h; path = iosClientTests.h; sourceTree = "<group>"; };
		4D579A4B14DD3A84000F5910 /* iosClientTests.m */ = {isa = PBXFileReference; lastKnownFileType = sourcecode.c.objc; path = iosClientTests.m; sourceTree = "<group>"; };
		4D579A5D14DD3D2C000F5910 /* masterTableViewController.h */ = {isa = PBXFileReference; fileEncoding = 4; lastKnownFileType = sourcecode.c.h; path = masterTableViewController.h; sourceTree = "<group>"; };
		4D579A5E14DD3D2C000F5910 /* masterTableViewController.m */ = {isa = PBXFileReference; fileEncoding = 4; lastKnownFileType = sourcecode.c.objc; path = masterTableViewController.m; sourceTree = "<group>"; };
		4D579A6014DD3DC3000F5910 /* detailViewController.h */ = {isa = PBXFileReference; fileEncoding = 4; lastKnownFileType = sourcecode.c.h; path = detailViewController.h; sourceTree = "<group>"; };
		4D579A6114DD3DC3000F5910 /* detailViewController.m */ = {isa = PBXFileReference; fileEncoding = 4; lastKnownFileType = sourcecode.c.objc; path = detailViewController.m; sourceTree = "<group>"; };
		4D579A6614DD3EBC000F5910 /* street.h */ = {isa = PBXFileReference; fileEncoding = 4; lastKnownFileType = sourcecode.c.h; name = street.h; path = ../street.h; sourceTree = "<group>"; };
		4D579A6714DD3EBC000F5910 /* street.m */ = {isa = PBXFileReference; fileEncoding = 4; lastKnownFileType = sourcecode.c.objc; name = street.m; path = ../street.m; sourceTree = "<group>"; };
/* End PBXFileReference section */

/* Begin PBXFrameworksBuildPhase section */
		4D579A1914DD3A84000F5910 /* Frameworks */ = {
			isa = PBXFrameworksBuildPhase;
			buildActionMask = 2147483647;
			files = (
				4D579A2114DD3A84000F5910 /* UIKit.framework in Frameworks */,
				4D579A2314DD3A84000F5910 /* Foundation.framework in Frameworks */,
				4D579A2514DD3A84000F5910 /* CoreGraphics.framework in Frameworks */,
			);
			runOnlyForDeploymentPostprocessing = 0;
		};
		4D579A3914DD3A84000F5910 /* Frameworks */ = {
			isa = PBXFrameworksBuildPhase;
			buildActionMask = 2147483647;
			files = (
				4D579A3F14DD3A84000F5910 /* SenTestingKit.framework in Frameworks */,
				4D579A4014DD3A84000F5910 /* UIKit.framework in Frameworks */,
				4D579A4114DD3A84000F5910 /* Foundation.framework in Frameworks */,
			);
			runOnlyForDeploymentPostprocessing = 0;
		};
/* End PBXFrameworksBuildPhase section */

/* Begin PBXGroup section */
		4D579A1114DD3A83000F5910 = {
			isa = PBXGroup;
			children = (
				4D579A2614DD3A84000F5910 /* iosClient */,
				4D579A4414DD3A84000F5910 /* iosClientTests */,
				4D579A1F14DD3A84000F5910 /* Frameworks */,
				4D579A1D14DD3A84000F5910 /* Products */,
			);
			sourceTree = "<group>";
		};
		4D579A1D14DD3A84000F5910 /* Products */ = {
			isa = PBXGroup;
			children = (
				4D579A1C14DD3A84000F5910 /* iosClient.app */,
				4D579A3D14DD3A84000F5910 /* iosClientTests.octest */,
			);
			name = Products;
			sourceTree = "<group>";
		};
		4D579A1F14DD3A84000F5910 /* Frameworks */ = {
			isa = PBXGroup;
			children = (
				4D579A2014DD3A84000F5910 /* UIKit.framework */,
				4D579A2214DD3A84000F5910 /* Foundation.framework */,
				4D579A2414DD3A84000F5910 /* CoreGraphics.framework */,
				4D579A3E14DD3A84000F5910 /* SenTestingKit.framework */,
			);
			name = Frameworks;
			sourceTree = "<group>";
		};
		4D579A2614DD3A84000F5910 /* iosClient */ = {
			isa = PBXGroup;
			children = (
				4D579A2F14DD3A84000F5910 /* AppDelegate.h */,
				4D579A3014DD3A84000F5910 /* AppDelegate.m */,
				4D579A3214DD3A84000F5910 /* MainStoryboard.storyboard */,
				4D579A5D14DD3D2C000F5910 /* masterTableViewController.h */,
				4D579A5E14DD3D2C000F5910 /* masterTableViewController.m */,
				4D579A6014DD3DC3000F5910 /* detailViewController.h */,
				4D579A6114DD3DC3000F5910 /* detailViewController.m */,
				4D579A6614DD3EBC000F5910 /* street.h */,
				4D579A6714DD3EBC000F5910 /* street.m */,
				4D579A3514DD3A84000F5910 /* ViewController.h */,
				4D579A3614DD3A84000F5910 /* ViewController.m */,
				4D579A2714DD3A84000F5910 /* Supporting Files */,
			);
			path = iosClient;
			sourceTree = "<group>";
		};
		4D579A2714DD3A84000F5910 /* Supporting Files */ = {
			isa = PBXGroup;
			children = (
				4D579A2814DD3A84000F5910 /* iosClient-Info.plist */,
				4D579A2914DD3A84000F5910 /* InfoPlist.strings */,
				4D579A2C14DD3A84000F5910 /* main.m */,
				4D579A2E14DD3A84000F5910 /* iosClient-Prefix.pch */,
			);
			name = "Supporting Files";
			sourceTree = "<group>";
		};
		4D579A4414DD3A84000F5910 /* iosClientTests */ = {
			isa = PBXGroup;
			children = (
				4D579A4A14DD3A84000F5910 /* iosClientTests.h */,
				4D579A4B14DD3A84000F5910 /* iosClientTests.m */,
				4D579A4514DD3A84000F5910 /* Supporting Files */,
			);
			path = iosClientTests;
			sourceTree = "<group>";
		};
		4D579A4514DD3A84000F5910 /* Supporting Files */ = {
			isa = PBXGroup;
			children = (
				4D579A4614DD3A84000F5910 /* iosClientTests-Info.plist */,
				4D579A4714DD3A84000F5910 /* InfoPlist.strings */,
			);
			name = "Supporting Files";
			sourceTree = "<group>";
		};
/* End PBXGroup section */

/* Begin PBXNativeTarget section */
		4D579A1B14DD3A84000F5910 /* iosClient */ = {
			isa = PBXNativeTarget;
			buildConfigurationList = 4D579A4F14DD3A84000F5910 /* Build configuration list for PBXNativeTarget "iosClient" */;
			buildPhases = (
				4D579A1814DD3A84000F5910 /* Sources */,
				4D579A1914DD3A84000F5910 /* Frameworks */,
				4D579A1A14DD3A84000F5910 /* Resources */,
			);
			buildRules = (
			);
			dependencies = (
			);
			name = iosClient;
			productName = iosClient;
			productReference = 4D579A1C14DD3A84000F5910 /* iosClient.app */;
			productType = "com.apple.product-type.application";
		};
		4D579A3C14DD3A84000F5910 /* iosClientTests */ = {
			isa = PBXNativeTarget;
			buildConfigurationList = 4D579A5214DD3A84000F5910 /* Build configuration list for PBXNativeTarget "iosClientTests" */;
			buildPhases = (
				4D579A3814DD3A84000F5910 /* Sources */,
				4D579A3914DD3A84000F5910 /* Frameworks */,
				4D579A3A14DD3A84000F5910 /* Resources */,
				4D579A3B14DD3A84000F5910 /* ShellScript */,
			);
			buildRules = (
			);
			dependencies = (
				4D579A4314DD3A84000F5910 /* PBXTargetDependency */,
			);
			name = iosClientTests;
			productName = iosClientTests;
			productReference = 4D579A3D14DD3A84000F5910 /* iosClientTests.octest */;
			productType = "com.apple.product-type.bundle";
		};
/* End PBXNativeTarget section */

/* Begin PBXProject section */
		4D579A1314DD3A83000F5910 /* Project object */ = {
			isa = PBXProject;
			attributes = {
				LastUpgradeCheck = 0420;
				ORGANIZATIONNAME = Valtech;
			};
			buildConfigurationList = 4D579A1614DD3A83000F5910 /* Build configuration list for PBXProject "iosClient" */;
			compatibilityVersion = "Xcode 3.2";
			developmentRegion = English;
			hasScannedForEncodings = 0;
			knownRegions = (
				en,
			);
			mainGroup = 4D579A1114DD3A83000F5910;
			productRefGroup = 4D579A1D14DD3A84000F5910 /* Products */;
			projectDirPath = "";
			projectRoot = "";
			targets = (
				4D579A1B14DD3A84000F5910 /* iosClient */,
				4D579A3C14DD3A84000F5910 /* iosClientTests */,
			);
		};
/* End PBXProject section */

/* Begin PBXResourcesBuildPhase section */
		4D579A1A14DD3A84000F5910 /* Resources */ = {
			isa = PBXResourcesBuildPhase;
			buildActionMask = 2147483647;
			files = (
				4D579A2B14DD3A84000F5910 /* InfoPlist.strings in Resources */,
				4D579A3414DD3A84000F5910 /* MainStoryboard.storyboard in Resources */,
			);
			runOnlyForDeploymentPostprocessing = 0;
		};
		4D579A3A14DD3A84000F5910 /* Resources */ = {
			isa = PBXResourcesBuildPhase;
			buildActionMask = 2147483647;
			files = (
				4D579A4914DD3A84000F5910 /* InfoPlist.strings in Resources */,
			);
			runOnlyForDeploymentPostprocessing = 0;
		};
/* End PBXResourcesBuildPhase section */

/* Begin PBXShellScriptBuildPhase section */
		4D579A3B14DD3A84000F5910 /* ShellScript */ = {
			isa = PBXShellScriptBuildPhase;
			buildActionMask = 2147483647;
			files = (
			);
			inputPaths = (
			);
			outputPaths = (
			);
			runOnlyForDeploymentPostprocessing = 0;
			shellPath = /bin/sh;
			shellScript = "# Run the unit tests in this test bundle.\n\"${SYSTEM_DEVELOPER_DIR}/Tools/RunUnitTests\"\n";
		};
/* End PBXShellScriptBuildPhase section */

/* Begin PBXSourcesBuildPhase section */
		4D579A1814DD3A84000F5910 /* Sources */ = {
			isa = PBXSourcesBuildPhase;
			buildActionMask = 2147483647;
			files = (
				4D579A2D14DD3A84000F5910 /* main.m in Sources */,
				4D579A3114DD3A84000F5910 /* AppDelegate.m in Sources */,
				4D579A3714DD3A84000F5910 /* ViewController.m in Sources */,
				4D579A5F14DD3D2C000F5910 /* masterTableViewController.m in Sources */,
				4D579A6214DD3DC3000F5910 /* detailViewController.m in Sources */,
				4D579A6814DD3EBC000F5910 /* street.m in Sources */,
			);
			runOnlyForDeploymentPostprocessing = 0;
		};
		4D579A3814DD3A84000F5910 /* Sources */ = {
			isa = PBXSourcesBuildPhase;
			buildActionMask = 2147483647;
			files = (
				4D579A4C14DD3A84000F5910 /* iosClientTests.m in Sources */,
			);
			runOnlyForDeploymentPostprocessing = 0;
		};
/* End PBXSourcesBuildPhase section */

/* Begin PBXTargetDependency section */
		4D579A4314DD3A84000F5910 /* PBXTargetDependency */ = {
			isa = PBXTargetDependency;
			target = 4D579A1B14DD3A84000F5910 /* iosClient */;
			targetProxy = 4D579A4214DD3A84000F5910 /* PBXContainerItemProxy */;
		};
/* End PBXTargetDependency section */

/* Begin PBXVariantGroup section */
		4D579A2914DD3A84000F5910 /* InfoPlist.strings */ = {
			isa = PBXVariantGroup;
			children = (
				4D579A2A14DD3A84000F5910 /* en */,
			);
			name = InfoPlist.strings;
			sourceTree = "<group>";
		};
		4D579A3214DD3A84000F5910 /* MainStoryboard.storyboard */ = {
			isa = PBXVariantGroup;
			children = (
				4D579A3314DD3A84000F5910 /* en */,
			);
			name = MainStoryboard.storyboard;
			sourceTree = "<group>";
		};
		4D579A4714DD3A84000F5910 /* InfoPlist.strings */ = {
			isa = PBXVariantGroup;
			children = (
				4D579A4814DD3A84000F5910 /* en */,
			);
			name = InfoPlist.strings;
			sourceTree = "<group>";
		};
/* End PBXVariantGroup section */

/* Begin XCBuildConfiguration section */
		4D579A4D14DD3A84000F5910 /* Debug */ = {
			isa = XCBuildConfiguration;
			buildSettings = {
				ALWAYS_SEARCH_USER_PATHS = NO;
				ARCHS = "$(ARCHS_STANDARD_32_BIT)";
				CLANG_ENABLE_OBJC_ARC = YES;
				"CODE_SIGN_IDENTITY[sdk=iphoneos*]" = "iPhone Developer";
				COPY_PHASE_STRIP = NO;
				GCC_C_LANGUAGE_STANDARD = gnu99;
				GCC_DYNAMIC_NO_PIC = NO;
				GCC_OPTIMIZATION_LEVEL = 0;
				GCC_PREPROCESSOR_DEFINITIONS = (
					"DEBUG=1",
					"$(inherited)",
				);
				GCC_SYMBOLS_PRIVATE_EXTERN = NO;
				GCC_VERSION = com.apple.compilers.llvm.clang.1_0;
				GCC_WARN_ABOUT_MISSING_PROTOTYPES = YES;
				GCC_WARN_ABOUT_RETURN_TYPE = YES;
				GCC_WARN_UNUSED_VARIABLE = YES;
				IPHONEOS_DEPLOYMENT_TARGET = 5.0;
				SDKROOT = iphoneos;
			};
			name = Debug;
		};
		4D579A4E14DD3A84000F5910 /* Release */ = {
			isa = XCBuildConfiguration;
			buildSettings = {
				ALWAYS_SEARCH_USER_PATHS = NO;
				ARCHS = "$(ARCHS_STANDARD_32_BIT)";
				CLANG_ENABLE_OBJC_ARC = YES;
				"CODE_SIGN_IDENTITY[sdk=iphoneos*]" = "iPhone Developer";
				COPY_PHASE_STRIP = YES;
				GCC_C_LANGUAGE_STANDARD = gnu99;
				GCC_VERSION = com.apple.compilers.llvm.clang.1_0;
				GCC_WARN_ABOUT_MISSING_PROTOTYPES = YES;
				GCC_WARN_ABOUT_RETURN_TYPE = YES;
				GCC_WARN_UNUSED_VARIABLE = YES;
				IPHONEOS_DEPLOYMENT_TARGET = 5.0;
				OTHER_CFLAGS = "-DNS_BLOCK_ASSERTIONS=1";
				SDKROOT = iphoneos;
				VALIDATE_PRODUCT = YES;
			};
			name = Release;
		};
		4D579A5014DD3A84000F5910 /* Debug */ = {
			isa = XCBuildConfiguration;
			buildSettings = {
				GCC_PRECOMPILE_PREFIX_HEADER = YES;
				GCC_PREFIX_HEADER = "iosClient/iosClient-Prefix.pch";
				INFOPLIST_FILE = "iosClient/iosClient-Info.plist";
				PRODUCT_NAME = "$(TARGET_NAME)";
				WRAPPER_EXTENSION = app;
			};
			name = Debug;
		};
		4D579A5114DD3A84000F5910 /* Release */ = {
			isa = XCBuildConfiguration;
			buildSettings = {
				GCC_PRECOMPILE_PREFIX_HEADER = YES;
				GCC_PREFIX_HEADER = "iosClient/iosClient-Prefix.pch";
				INFOPLIST_FILE = "iosClient/iosClient-Info.plist";
				PRODUCT_NAME = "$(TARGET_NAME)";
				WRAPPER_EXTENSION = app;
			};
			name = Release;
		};
		4D579A5314DD3A84000F5910 /* Debug */ = {
			isa = XCBuildConfiguration;
			buildSettings = {
				BUNDLE_LOADER = "$(BUILT_PRODUCTS_DIR)/iosClient.app/iosClient";
				FRAMEWORK_SEARCH_PATHS = (
					"$(SDKROOT)/Developer/Library/Frameworks",
					"$(DEVELOPER_LIBRARY_DIR)/Frameworks",
				);
				GCC_PRECOMPILE_PREFIX_HEADER = YES;
				GCC_PREFIX_HEADER = "iosClient/iosClient-Prefix.pch";
				INFOPLIST_FILE = "iosClientTests/iosClientTests-Info.plist";
				PRODUCT_NAME = "$(TARGET_NAME)";
				TEST_HOST = "$(BUNDLE_LOADER)";
				WRAPPER_EXTENSION = octest;
			};
			name = Debug;
		};
		4D579A5414DD3A84000F5910 /* Release */ = {
			isa = XCBuildConfiguration;
			buildSettings = {
				BUNDLE_LOADER = "$(BUILT_PRODUCTS_DIR)/iosClient.app/iosClient";
				FRAMEWORK_SEARCH_PATHS = (
					"$(SDKROOT)/Developer/Library/Frameworks",
					"$(DEVELOPER_LIBRARY_DIR)/Frameworks",
				);
				GCC_PRECOMPILE_PREFIX_HEADER = YES;
				GCC_PREFIX_HEADER = "iosClient/iosClient-Prefix.pch";
				INFOPLIST_FILE = "iosClientTests/iosClientTests-Info.plist";
				PRODUCT_NAME = "$(TARGET_NAME)";
				TEST_HOST = "$(BUNDLE_LOADER)";
				WRAPPER_EXTENSION = octest;
			};
			name = Release;
		};
/* End XCBuildConfiguration section */

/* Begin XCConfigurationList section */
		4D579A1614DD3A83000F5910 /* Build configuration list for PBXProject "iosClient" */ = {
			isa = XCConfigurationList;
			buildConfigurations = (
				4D579A4D14DD3A84000F5910 /* Debug */,
				4D579A4E14DD3A84000F5910 /* Release */,
			);
			defaultConfigurationIsVisible = 0;
			defaultConfigurationName = Release;
		};
		4D579A4F14DD3A84000F5910 /* Build configuration list for PBXNativeTarget "iosClient" */ = {
			isa = XCConfigurationList;
			buildConfigurations = (
				4D579A5014DD3A84000F5910 /* Debug */,
				4D579A5114DD3A84000F5910 /* Release */,
			);
			defaultConfigurationIsVisible = 0;
			defaultConfigurationName = Release;
		};
		4D579A5214DD3A84000F5910 /* Build configuration list for PBXNativeTarget "iosClientTests" */ = {
			isa = XCConfigurationList;
			buildConfigurations = (
				4D579A5314DD3A84000F5910 /* Debug */,
				4D579A5414DD3A84000F5910 /* Release */,
			);
			defaultConfigurationIsVisible = 0;
			defaultConfigurationName = Release;
		};
/* End XCConfigurationList section */
	};
	rootObject = 4D579A1314DD3A83000F5910 /* Project object */;
}
